
Microsoft Visual Studio Solution File, Format Version 12.00
# Visual Studio Version 16
VisualStudioVersion = 25.0.1700.6
MinimumVisualStudioVersion = 10.0.40219.1
Project("{FAE04EC0-301F-11D3-BF4B-00C04F79EFBC}") = "NETPurchasesBindingTest", "NETPurchasesBindingTest.csproj", "{61B6B5BD-61B3-4B35-AA0D-299BF5F9AD7A}"
EndProject
Project("{FAE04EC0-301F-11D3-BF4B-00C04F79EFBC}") = "NETPurchasesBinding", "..\NETPurchasesBinding\NETPurchasesBinding.csproj", "{B318D100-81B4-4C54-8DC7-62D16FF5C028}"
EndProject
Global
	GlobalSection(SolutionConfigurationPlatforms) = preSolution
		Debug|Any CPU = Debug|Any CPU
		Release|Any CPU = Release|Any CPU
	EndGlobalSection
	GlobalSection(ProjectConfigurationPlatforms) = postSolution
		{61B6B5BD-61B3-4B35-AA0D-299BF5F9AD7A}.Debug|Any CPU.ActiveCfg = Debug|Any CPU
		{61B6B5BD-61B3-4B35-AA0D-299BF5F9AD7A}.Debug|Any CPU.Build.0 = Debug|Any CPU
		{61B6B5BD-61B3-4B35-AA0D-299BF5F9AD7A}.Release|Any CPU.ActiveCfg = Release|Any CPU
		{61B6B5BD-61B3-4B35-AA0D-299BF5F9AD7A}.Release|Any CPU.Build.0 = Release|Any CPU
		{B318D100-81B4-4C54-8DC7-62D16FF5C028}.Debug|Any CPU.ActiveCfg = Debug|Any CPU
		{B318D100-81B4-4C54-8DC7-62D16FF5C028}.Debug|Any CPU.Build.0 = Debug|Any CPU
		{B318D100-81B4-4C54-8DC7-62D16FF5C028}.Release|Any CPU.ActiveCfg = Release|Any CPU
		{B318D100-81B4-4C54-8DC7-62D16FF5C028}.Release|Any CPU.Build.0 = Release|Any CPU
	EndGlobalSection
	GlobalSection(SolutionProperties) = preSolution
		HideSolutionNode = FALSE
	EndGlobalSection
	GlobalSection(ExtensibilityGlobals) = postSolution
		SolutionGuid = {1811B35A-3349-493D-8699-EFE08330FAEB}
	EndGlobalSection
EndGlobal
