
Microsoft Visual Studio Solution File, Format Version 12.00
# Visual Studio Version 17
VisualStudioVersion = 17.3.32804.467
MinimumVisualStudioVersion = 10.0.40219.1
Project("{FAE04EC0-301F-11D3-BF4B-00C04F79EFBC}") = "NETPurchasesBindingAndroid", "NETPurchasesBindingAndroid\NETPurchasesBindingAndroid.csproj", "{BB82FDB9-FFA3-4525-863E-AB83D003AE3E}"
EndProject
Global
	GlobalSection(SolutionConfigurationPlatforms) = preSolution
		Debug|Any CPU = Debug|Any CPU
		Release|Any CPU = Release|Any CPU
	EndGlobalSection
	GlobalSection(ProjectConfigurationPlatforms) = postSolution
		{BB82FDB9-FFA3-4525-863E-AB83D003AE3E}.Debug|Any CPU.ActiveCfg = Debug|Any CPU
		{BB82FDB9-FFA3-4525-863E-AB83D003AE3E}.Debug|Any CPU.Build.0 = Debug|Any CPU
		{BB82FDB9-FFA3-4525-863E-AB83D003AE3E}.Release|Any CPU.ActiveCfg = Release|Any CPU
		{BB82FDB9-FFA3-4525-863E-AB83D003AE3E}.Release|Any CPU.Build.0 = Release|Any CPU
	EndGlobalSection
	GlobalSection(SolutionProperties) = preSolution
		HideSolutionNode = FALSE
	EndGlobalSection
	GlobalSection(ExtensibilityGlobals) = postSolution
		SolutionGuid = {9FD4653C-9B6D-4DC7-8BAF-D111353B0B36}
	EndGlobalSection
EndGlobal
